// !$*UTF8*$!
{
	archiveVersion = 1;
	classes = {
	};
	objectVersion = 46;
	objects = {

/* Begin PBXBuildFile section */
		CC623EFF1A6197F700C5BA14 /* main.m in Sources */ = {isa = PBXBuildFile; fileRef = CC623EFE1A6197F700C5BA14 /* main.m */; };
		CC623F021A6197F700C5BA14 /* AppDelegate.m in Sources */ = {isa = PBXBuildFile; fileRef = CC623F011A6197F700C5BA14 /* AppDelegate.m */; };
		CC623F051A6197F700C5BA14 /* ViewController.m in Sources */ = {isa = PBXBuildFile; fileRef = CC623F041A6197F700C5BA14 /* ViewController.m */; };
		CC623F081A6197F700C5BA14 /* Main.storyboard in Resources */ = {isa = PBXBuildFile; fileRef = CC623F061A6197F700C5BA14 /* Main.storyboard */; };
		CC623F0A1A6197F700C5BA14 /* Images.xcassets in Resources */ = {isa = PBXBuildFile; fileRef = CC623F091A6197F700C5BA14 /* Images.xcassets */; };
		CC623F0D1A6197F700C5BA14 /* LaunchScreen.xib in Resources */ = {isa = PBXBuildFile; fileRef = CC623F0B1A6197F700C5BA14 /* LaunchScreen.xib */; };
		CC623F191A6197F700C5BA14 /* DanNoelIOSProgramming_HW1Tests.m in Sources */ = {isa = PBXBuildFile; fileRef = CC623F181A6197F700C5BA14 /* DanNoelIOSProgramming_HW1Tests.m */; };
/* End PBXBuildFile section */

/* Begin PBXContainerItemProxy section */
		CC623F131A6197F700C5BA14 /* PBXContainerItemProxy */ = {
			isa = PBXContainerItemProxy;
			containerPortal = CC623EF11A6197F700C5BA14 /* Project object */;
			proxyType = 1;
			remoteGlobalIDString = CC623EF81A6197F700C5BA14;
			remoteInfo = "DanNoelIOSProgramming-HW1";
		};
/* End PBXContainerItemProxy section */

/* Begin PBXFileReference section */
		CC623EF91A6197F700C5BA14 /* DanNoelIOSProgramming-HW1.app */ = {isa = PBXFileReference; explicitFileType = wrapper.application; includeInIndex = 0; path = "DanNoelIOSProgramming-HW1.app"; sourceTree = BUILT_PRODUCTS_DIR; };
		CC623EFD1A6197F700C5BA14 /* Info.plist */ = {isa = PBXFileReference; lastKnownFileType = text.plist.xml; path = Info.plist; sourceTree = "<group>"; };
		CC623EFE1A6197F700C5BA14 /* main.m */ = {isa = PBXFileReference; lastKnownFileType = sourcecode.c.objc; path = main.m; sourceTree = "<group>"; };
		CC623F001A6197F700C5BA14 /* AppDelegate.h */ = {isa = PBXFileReference; lastKnownFileType = sourcecode.c.h; path = AppDelegate.h; sourceTree = "<group>"; };
		CC623F011A6197F700C5BA14 /* AppDelegate.m */ = {isa = PBXFileReference; lastKnownFileType = sourcecode.c.objc; path = AppDelegate.m; sourceTree = "<group>"; };
		CC623F031A6197F700C5BA14 /* ViewController.h */ = {isa = PBXFileReference; lastKnownFileType = sourcecode.c.h; path = ViewController.h; sourceTree = "<group>"; };
		CC623F041A6197F700C5BA14 /* ViewController.m */ = {isa = PBXFileReference; lastKnownFileType = sourcecode.c.objc; path = ViewController.m; sourceTree = "<group>"; };
		CC623F071A6197F700C5BA14 /* Base */ = {isa = PBXFileReference; lastKnownFileType = file.storyboard; name = Base; path = Base.lproj/Main.storyboard; sourceTree = "<group>"; };
		CC623F091A6197F700C5BA14 /* Images.xcassets */ = {isa = PBXFileReference; lastKnownFileType = folder.assetcatalog; path = Images.xcassets; sourceTree = "<group>"; };
		CC623F0C1A6197F700C5BA14 /* Base */ = {isa = PBXFileReference; lastKnownFileType = file.xib; name = Base; path = Base.lproj/LaunchScreen.xib; sourceTree = "<group>"; };
		CC623F121A6197F700C5BA14 /* DanNoelIOSProgramming-HW1Tests.xctest */ = {isa = PBXFileReference; explicitFileType = wrapper.cfbundle; includeInIndex = 0; path = "DanNoelIOSProgramming-HW1Tests.xctest"; sourceTree = BUILT_PRODUCTS_DIR; };
		CC623F171A6197F700C5BA14 /* Info.plist */ = {isa = PBXFileReference; lastKnownFileType = text.plist.xml; path = Info.plist; sourceTree = "<group>"; };
		CC623F181A6197F700C5BA14 /* DanNoelIOSProgramming_HW1Tests.m */ = {isa = PBXFileReference; lastKnownFileType = sourcecode.c.objc; path = DanNoelIOSProgramming_HW1Tests.m; sourceTree = "<group>"; };
/* End PBXFileReference section */

/* Begin PBXFrameworksBuildPhase section */
		CC623EF61A6197F700C5BA14 /* Frameworks */ = {
			isa = PBXFrameworksBuildPhase;
			buildActionMask = 2147483647;
			files = (
			);
			runOnlyForDeploymentPostprocessing = 0;
		};
		CC623F0F1A6197F700C5BA14 /* Frameworks */ = {
			isa = PBXFrameworksBuildPhase;
			buildActionMask = 2147483647;
			files = (
			);
			runOnlyForDeploymentPostprocessing = 0;
		};
/* End PBXFrameworksBuildPhase section */

/* Begin PBXGroup section */
		CC623EF01A6197F700C5BA14 = {
			isa = PBXGroup;
			children = (
				CC623EFB1A6197F700C5BA14 /* DanNoelIOSProgramming-HW1 */,
				CC623F151A6197F700C5BA14 /* DanNoelIOSProgramming-HW1Tests */,
				CC623EFA1A6197F700C5BA14 /* Products */,
			);
			sourceTree = "<group>";
		};
		CC623EFA1A6197F700C5BA14 /* Products */ = {
			isa = PBXGroup;
			children = (
				CC623EF91A6197F700C5BA14 /* DanNoelIOSProgramming-HW1.app */,
				CC623F121A6197F700C5BA14 /* DanNoelIOSProgramming-HW1Tests.xctest */,
			);
			name = Products;
			sourceTree = "<group>";
		};
		CC623EFB1A6197F700C5BA14 /* DanNoelIOSProgramming-HW1 */ = {
			isa = PBXGroup;
			children = (
				CC623F001A6197F700C5BA14 /* AppDelegate.h */,
				CC623F011A6197F700C5BA14 /* AppDelegate.m */,
				CC623F031A6197F700C5BA14 /* ViewController.h */,
				CC623F041A6197F700C5BA14 /* ViewController.m */,
				CC623F061A6197F700C5BA14 /* Main.storyboard */,
				CC623F091A6197F700C5BA14 /* Images.xcassets */,
				CC623F0B1A6197F700C5BA14 /* LaunchScreen.xib */,
				CC623EFC1A6197F700C5BA14 /* Supporting Files */,
			);
			path = "DanNoelIOSProgramming-HW1";
			sourceTree = "<group>";
		};
		CC623EFC1A6197F700C5BA14 /* Supporting Files */ = {
			isa = PBXGroup;
			children = (
				CC623EFD1A6197F700C5BA14 /* Info.plist */,
				CC623EFE1A6197F700C5BA14 /* main.m */,
			);
			name = "Supporting Files";
			sourceTree = "<group>";
		};
		CC623F151A6197F700C5BA14 /* DanNoelIOSProgramming-HW1Tests */ = {
			isa = PBXGroup;
			children = (
				CC623F181A6197F700C5BA14 /* DanNoelIOSProgramming_HW1Tests.m */,
				CC623F161A6197F700C5BA14 /* Supporting Files */,
			);
			path = "DanNoelIOSProgramming-HW1Tests";
			sourceTree = "<group>";
		};
		CC623F161A6197F700C5BA14 /* Supporting Files */ = {
			isa = PBXGroup;
			children = (
				CC623F171A6197F700C5BA14 /* Info.plist */,
			);
			name = "Supporting Files";
			sourceTree = "<group>";
		};
/* End PBXGroup section */

/* Begin PBXNativeTarget section */
		CC623EF81A6197F700C5BA14 /* DanNoelIOSProgramming-HW1 */ = {
			isa = PBXNativeTarget;
			buildConfigurationList = CC623F1C1A6197F700C5BA14 /* Build configuration list for PBXNativeTarget "DanNoelIOSProgramming-HW1" */;
			buildPhases = (
				CC623EF51A6197F700C5BA14 /* Sources */,
				CC623EF61A6197F700C5BA14 /* Frameworks */,
				CC623EF71A6197F700C5BA14 /* Resources */,
			);
			buildRules = (
			);
			dependencies = (
			);
			name = "DanNoelIOSProgramming-HW1";
			productName = "DanNoelIOSProgramming-HW1";
			productReference = CC623EF91A6197F700C5BA14 /* DanNoelIOSProgramming-HW1.app */;
			productType = "com.apple.product-type.application";
		};
		CC623F111A6197F700C5BA14 /* DanNoelIOSProgramming-HW1Tests */ = {
			isa = PBXNativeTarget;
			buildConfigurationList = CC623F1F1A6197F700C5BA14 /* Build configuration list for PBXNativeTarget "DanNoelIOSProgramming-HW1Tests" */;
			buildPhases = (
				CC623F0E1A6197F700C5BA14 /* Sources */,
				CC623F0F1A6197F700C5BA14 /* Frameworks */,
				CC623F101A6197F700C5BA14 /* Resources */,
			);
			buildRules = (
			);
			dependencies = (
				CC623F141A6197F700C5BA14 /* PBXTargetDependency */,
			);
			name = "DanNoelIOSProgramming-HW1Tests";
			productName = "DanNoelIOSProgramming-HW1Tests";
			productReference = CC623F121A6197F700C5BA14 /* DanNoelIOSProgramming-HW1Tests.xctest */;
			productType = "com.apple.product-type.bundle.unit-test";
		};
/* End PBXNativeTarget section */

/* Begin PBXProject section */
		CC623EF11A6197F700C5BA14 /* Project object */ = {
			isa = PBXProject;
			attributes = {
				LastUpgradeCheck = 0610;
				ORGANIZATIONNAME = "Dan Noel";
				TargetAttributes = {
					CC623EF81A6197F700C5BA14 = {
						CreatedOnToolsVersion = 6.1.1;
					};
					CC623F111A6197F700C5BA14 = {
						CreatedOnToolsVersion = 6.1.1;
						TestTargetID = CC623EF81A6197F700C5BA14;
					};
				};
			};
			buildConfigurationList = CC623EF41A6197F700C5BA14 /* Build configuration list for PBXProject "DanNoelIOSProgramming-HW1" */;
			compatibilityVersion = "Xcode 3.2";
			developmentRegion = English;
			hasScannedForEncodings = 0;
			knownRegions = (
				en,
				Base,
			);
			mainGroup = CC623EF01A6197F700C5BA14;
			productRefGroup = CC623EFA1A6197F700C5BA14 /* Products */;
			projectDirPath = "";
			projectRoot = "";
			targets = (
				CC623EF81A6197F700C5BA14 /* DanNoelIOSProgramming-HW1 */,
				CC623F111A6197F700C5BA14 /* DanNoelIOSProgramming-HW1Tests */,
			);
		};
/* End PBXProject section */

/* Begin PBXResourcesBuildPhase section */
		CC623EF71A6197F700C5BA14 /* Resources */ = {
			isa = PBXResourcesBuildPhase;
			buildActionMask = 2147483647;
			files = (
				CC623F081A6197F700C5BA14 /* Main.storyboard in Resources */,
				CC623F0D1A6197F700C5BA14 /* LaunchScreen.xib in Resources */,
				CC623F0A1A6197F700C5BA14 /* Images.xcassets in Resources */,
			);
			runOnlyForDeploymentPostprocessing = 0;
		};
		CC623F101A6197F700C5BA14 /* Resources */ = {
			isa = PBXResourcesBuildPhase;
			buildActionMask = 2147483647;
			files = (
			);
			runOnlyForDeploymentPostprocessing = 0;
		};
/* End PBXResourcesBuildPhase section */

/* Begin PBXSourcesBuildPhase section */
		CC623EF51A6197F700C5BA14 /* Sources */ = {
			isa = PBXSourcesBuildPhase;
			buildActionMask = 2147483647;
			files = (
				CC623F051A6197F700C5BA14 /* ViewController.m in Sources */,
				CC623F021A6197F700C5BA14 /* AppDelegate.m in Sources */,
				CC623EFF1A6197F700C5BA14 /* main.m in Sources */,
			);
			runOnlyForDeploymentPostprocessing = 0;
		};
		CC623F0E1A6197F700C5BA14 /* Sources */ = {
			isa = PBXSourcesBuildPhase;
			buildActionMask = 2147483647;
			files = (
				CC623F191A6197F700C5BA14 /* DanNoelIOSProgramming_HW1Tests.m in Sources */,
			);
			runOnlyForDeploymentPostprocessing = 0;
		};
/* End PBXSourcesBuildPhase section */

/* Begin PBXTargetDependency section */
		CC623F141A6197F700C5BA14 /* PBXTargetDependency */ = {
			isa = PBXTargetDependency;
			target = CC623EF81A6197F700C5BA14 /* DanNoelIOSProgramming-HW1 */;
			targetProxy = CC623F131A6197F700C5BA14 /* PBXContainerItemProxy */;
		};
/* End PBXTargetDependency section */

/* Begin PBXVariantGroup section */
		CC623F061A6197F700C5BA14 /* Main.storyboard */ = {
			isa = PBXVariantGroup;
			children = (
				CC623F071A6197F700C5BA14 /* Base */,
			);
			name = Main.storyboard;
			sourceTree = "<group>";
		};
		CC623F0B1A6197F700C5BA14 /* LaunchScreen.xib */ = {
			isa = PBXVariantGroup;
			children = (
				CC623F0C1A6197F700C5BA14 /* Base */,
			);
			name = LaunchScreen.xib;
			sourceTree = "<group>";
		};
/* End PBXVariantGroup section */

/* Begin XCBuildConfiguration section */
		CC623F1A1A6197F700C5BA14 /* Debug */ = {
			isa = XCBuildConfiguration;
			buildSettings = {
				ALWAYS_SEARCH_USER_PATHS = NO;
				CLANG_CXX_LANGUAGE_STANDARD = "gnu++0x";
				CLANG_CXX_LIBRARY = "libc++";
				CLANG_ENABLE_MODULES = YES;
				CLANG_ENABLE_OBJC_ARC = YES;
				CLANG_WARN_BOOL_CONVERSION = YES;
				CLANG_WARN_CONSTANT_CONVERSION = YES;
				CLANG_WARN_DIRECT_OBJC_ISA_USAGE = YES_ERROR;
				CLANG_WARN_EMPTY_BODY = YES;
				CLANG_WARN_ENUM_CONVERSION = YES;
				CLANG_WARN_INT_CONVERSION = YES;
				CLANG_WARN_OBJC_ROOT_CLASS = YES_ERROR;
				CLANG_WARN_UNREACHABLE_CODE = YES;
				CLANG_WARN__DUPLICATE_METHOD_MATCH = YES;
				"CODE_SIGN_IDENTITY[sdk=iphoneos*]" = "iPhone Developer";
				COPY_PHASE_STRIP = NO;
				ENABLE_STRICT_OBJC_MSGSEND = YES;
				GCC_C_LANGUAGE_STANDARD = gnu99;
				GCC_DYNAMIC_NO_PIC = NO;
				GCC_OPTIMIZATION_LEVEL = 0;
				GCC_PREPROCESSOR_DEFINITIONS = (
					"DEBUG=1",
					"$(inherited)",
				);
				GCC_SYMBOLS_PRIVATE_EXTERN = NO;
				GCC_WARN_64_TO_32_BIT_CONVERSION = YES;
				GCC_WARN_ABOUT_RETURN_TYPE = YES_ERROR;
				GCC_WARN_UNDECLARED_SELECTOR = YES;
				GCC_WARN_UNINITIALIZED_AUTOS = YES_AGGRESSIVE;
				GCC_WARN_UNUSED_FUNCTION = YES;
				GCC_WARN_UNUSED_VARIABLE = YES;
				IPHONEOS_DEPLOYMENT_TARGET = 8.1;
				MTL_ENABLE_DEBUG_INFO = YES;
				ONLY_ACTIVE_ARCH = YES;
				SDKROOT = iphoneos;
			};
			name = Debug;
		};
		CC623F1B1A6197F700C5BA14 /* Release */ = {
			isa = XCBuildConfiguration;
			buildSettings = {
				ALWAYS_SEARCH_USER_PATHS = NO;
				CLANG_CXX_LANGUAGE_STANDARD = "gnu++0x";
				CLANG_CXX_LIBRARY = "libc++";
				CLANG_ENABLE_MODULES = YES;
				CLANG_ENABLE_OBJC_ARC = YES;
				CLANG_WARN_BOOL_CONVERSION = YES;
				CLANG_WARN_CONSTANT_CONVERSION = YES;
				CLANG_WARN_DIRECT_OBJC_ISA_USAGE = YES_ERROR;
				CLANG_WARN_EMPTY_BODY = YES;
				CLANG_WARN_ENUM_CONVERSION = YES;
				CLANG_WARN_INT_CONVERSION = YES;
				CLANG_WARN_OBJC_ROOT_CLASS = YES_ERROR;
				CLANG_WARN_UNREACHABLE_CODE = YES;
				CLANG_WARN__DUPLICATE_METHOD_MATCH = YES;
				"CODE_SIGN_IDENTITY[sdk=iphoneos*]" = "iPhone Developer";
				COPY_PHASE_STRIP = YES;
				ENABLE_NS_ASSERTIONS = NO;
				ENABLE_STRICT_OBJC_MSGSEND = YES;
				GCC_C_LANGUAGE_STANDARD = gnu99;
				GCC_WARN_64_TO_32_BIT_CONVERSION = YES;
				GCC_WARN_ABOUT_RETURN_TYPE = YES_ERROR;
				GCC_WARN_UNDECLARED_SELECTOR = YES;
				GCC_WARN_UNINITIALIZED_AUTOS = YES_AGGRESSIVE;
				GCC_WARN_UNUSED_FUNCTION = YES;
				GCC_WARN_UNUSED_VARIABLE = YES;
				IPHONEOS_DEPLOYMENT_TARGET = 8.1;
				MTL_ENABLE_DEBUG_INFO = NO;
				SDKROOT = iphoneos;
				VALIDATE_PRODUCT = YES;
			};
			name = Release;
		};
		CC623F1D1A6197F700C5BA14 /* Debug */ = {
			isa = XCBuildConfiguration;
			buildSettings = {
				ASSETCATALOG_COMPILER_APPICON_NAME = AppIcon;
				INFOPLIST_FILE = "DanNoelIOSProgramming-HW1/Info.plist";
				LD_RUNPATH_SEARCH_PATHS = "$(inherited) @executable_path/Frameworks";
				PRODUCT_NAME = "$(TARGET_NAME)";
			};
			name = Debug;
		};
		CC623F1E1A6197F700C5BA14 /* Release */ = {
			isa = XCBuildConfiguration;
			buildSettings = {
				ASSETCATALOG_COMPILER_APPICON_NAME = AppIcon;
				INFOPLIST_FILE = "DanNoelIOSProgramming-HW1/Info.plist";
				LD_RUNPATH_SEARCH_PATHS = "$(inherited) @executable_path/Frameworks";
				PRODUCT_NAME = "$(TARGET_NAME)";
			};
			name = Release;
		};
		CC623F201A6197F700C5BA14 /* Debug */ = {
			isa = XCBuildConfiguration;
			buildSettings = {
				BUNDLE_LOADER = "$(TEST_HOST)";
				FRAMEWORK_SEARCH_PATHS = (
					"$(SDKROOT)/Developer/Library/Frameworks",
					"$(inherited)",
				);
				GCC_PREPROCESSOR_DEFINITIONS = (
					"DEBUG=1",
					"$(inherited)",
				);
				INFOPLIST_FILE = "DanNoelIOSProgramming-HW1Tests/Info.plist";
				LD_RUNPATH_SEARCH_PATHS = "$(inherited) @executable_path/Frameworks @loader_path/Frameworks";
				PRODUCT_NAME = "$(TARGET_NAME)";
				TEST_HOST = "$(BUILT_PRODUCTS_DIR)/DanNoelIOSProgramming-HW1.app/DanNoelIOSProgramming-HW1";
			};
			name = Debug;
		};
		CC623F211A6197F700C5BA14 /* Release */ = {
			isa = XCBuildConfiguration;
			buildSettings = {
				BUNDLE_LOADER = "$(TEST_HOST)";
				FRAMEWORK_SEARCH_PATHS = (
					"$(SDKROOT)/Developer/Library/Frameworks",
					"$(inherited)",
				);
				INFOPLIST_FILE = "DanNoelIOSProgramming-HW1Tests/Info.plist";
				LD_RUNPATH_SEARCH_PATHS = "$(inherited) @executable_path/Frameworks @loader_path/Frameworks";
				PRODUCT_NAME = "$(TARGET_NAME)";
				TEST_HOST = "$(BUILT_PRODUCTS_DIR)/DanNoelIOSProgramming-HW1.app/DanNoelIOSProgramming-HW1";
			};
			name = Release;
		};
/* End XCBuildConfiguration section */

/* Begin XCConfigurationList section */
		CC623EF41A6197F700C5BA14 /* Build configuration list for PBXProject "DanNoelIOSProgramming-HW1" */ = {
			isa = XCConfigurationList;
			buildConfigurations = (
				CC623F1A1A6197F700C5BA14 /* Debug */,
				CC623F1B1A6197F700C5BA14 /* Release */,
			);
			defaultConfigurationIsVisible = 0;
			defaultConfigurationName = Release;
		};
		CC623F1C1A6197F700C5BA14 /* Build configuration list for PBXNativeTarget "DanNoelIOSProgramming-HW1" */ = {
			isa = XCConfigurationList;
			buildConfigurations = (
				CC623F1D1A6197F700C5BA14 /* Debug */,
				CC623F1E1A6197F700C5BA14 /* Release */,
			);
			defaultConfigurationIsVisible = 0;
		};
		CC623F1F1A6197F700C5BA14 /* Build configuration list for PBXNativeTarget "DanNoelIOSProgramming-HW1Tests" */ = {
			isa = XCConfigurationList;
			buildConfigurations = (
				CC623F201A6197F700C5BA14 /* Debug */,
				CC623F211A6197F700C5BA14 /* Release */,
			);
			defaultConfigurationIsVisible = 0;
		};
/* End XCConfigurationList section */
	};
	rootObject = CC623EF11A6197F700C5BA14 /* Project object */;
}
